
Microsoft Visual Studio Solution File, Format Version 12.00
# Visual Studio Version 16
VisualStudioVersion = 16.0.31205.134
MinimumVisualStudioVersion = 10.0.40219.1
Project("{9A19103F-16F7-4668-BE54-9A1E7A4F7556}") = "Doble(r)ator", "Doble(r)ator\Doble(r)ator.csproj", "{5E1018D1-3AEA-48F0-89B3-E590F0A02C6E}"
EndProject
Project("{FAE04EC0-301F-11D3-BF4B-00C04F79EFBC}") = "GuessMe(IfYouCan)", "GuessMe(IfYouCan)\GuessMe(IfYouCan).csproj", "{03919312-1479-46DE-B1BB-20808516FFB5}"
EndProject
Global
	GlobalSection(SolutionConfigurationPlatforms) = preSolution
		Debug|Any CPU = Debug|Any CPU
		Release|Any CPU = Release|Any CPU
	EndGlobalSection
	GlobalSection(ProjectConfigurationPlatforms) = postSolution
		{5E1018D1-3AEA-48F0-89B3-E590F0A02C6E}.Debug|Any CPU.ActiveCfg = Debug|Any CPU
		{5E1018D1-3AEA-48F0-89B3-E590F0A02C6E}.Debug|Any CPU.Build.0 = Debug|Any CPU
		{5E1018D1-3AEA-48F0-89B3-E590F0A02C6E}.Release|Any CPU.ActiveCfg = Release|Any CPU
		{5E1018D1-3AEA-48F0-89B3-E590F0A02C6E}.Release|Any CPU.Build.0 = Release|Any CPU
		{03919312-1479-46DE-B1BB-20808516FFB5}.Debug|Any CPU.ActiveCfg = Debug|Any CPU
		{03919312-1479-46DE-B1BB-20808516FFB5}.Debug|Any CPU.Build.0 = Debug|Any CPU
		{03919312-1479-46DE-B1BB-20808516FFB5}.Release|Any CPU.ActiveCfg = Release|Any CPU
		{03919312-1479-46DE-B1BB-20808516FFB5}.Release|Any CPU.Build.0 = Release|Any CPU
	EndGlobalSection
	GlobalSection(SolutionProperties) = preSolution
		HideSolutionNode = FALSE
	EndGlobalSection
	GlobalSection(ExtensibilityGlobals) = postSolution
		SolutionGuid = {5DC6CF28-83E7-49A7-9C2F-B598A13FD6AB}
	EndGlobalSection
EndGlobal
