
Microsoft Visual Studio Solution File, Format Version 12.00
# Visual Studio Version 16
VisualStudioVersion = 16.0.31205.134
MinimumVisualStudioVersion = 10.0.40219.1
Project("{9A19103F-16F7-4668-BE54-9A1E7A4F7556}") = "WriteFIO_Homework", "WriteFIO_Homework\WriteFIO_Homework.csproj", "{15D7D675-B2C6-4DA9-822F-21288FCAACBA}"
EndProject
Global
	GlobalSection(SolutionConfigurationPlatforms) = preSolution
		Debug|Any CPU = Debug|Any CPU
		Release|Any CPU = Release|Any CPU
	EndGlobalSection
	GlobalSection(ProjectConfigurationPlatforms) = postSolution
		{15D7D675-B2C6-4DA9-822F-21288FCAACBA}.Debug|Any CPU.ActiveCfg = Debug|Any CPU
		{15D7D675-B2C6-4DA9-822F-21288FCAACBA}.Debug|Any CPU.Build.0 = Debug|Any CPU
		{15D7D675-B2C6-4DA9-822F-21288FCAACBA}.Release|Any CPU.ActiveCfg = Release|Any CPU
		{15D7D675-B2C6-4DA9-822F-21288FCAACBA}.Release|Any CPU.Build.0 = Release|Any CPU
	EndGlobalSection
	GlobalSection(SolutionProperties) = preSolution
		HideSolutionNode = FALSE
	EndGlobalSection
	GlobalSection(ExtensibilityGlobals) = postSolution
		SolutionGuid = {0AD98641-98D4-4DFA-8F1F-B14F2F2C0A44}
	EndGlobalSection
EndGlobal
